
Microsoft Visual Studio Solution File, Format Version 12.00
# Visual Studio Version 16
VisualStudioVersion = 16.0.30309.148
MinimumVisualStudioVersion = 10.0.40219.1
Project("{FAE04EC0-301F-11D3-BF4B-00C04F79EFBC}") = "CRM.Web", "CRM.Web\CRM.Web.csproj", "{4544F532-2498-4FF8-AD62-406760A876E7}"
EndProject
Project("{FAE04EC0-301F-11D3-BF4B-00C04F79EFBC}") = "CRM.Application", "CRM.Application\CRM.Application.csproj", "{2DC19EBB-2725-414B-AA62-9E23694DE636}"
EndProject
Project("{FAE04EC0-301F-11D3-BF4B-00C04F79EFBC}") = "CRM.Domain", "CRM.Domain\CRM.Domain.csproj", "{2D188867-9AD2-471A-8D53-B1509E506E19}"
EndProject
Project("{FAE04EC0-301F-11D3-BF4B-00C04F79EFBC}") = "CRM.Infrastructure", "CRM.Infrastructure\CRM.Infrastructure.csproj", "{379661B1-7897-4358-8C6F-99995F2E1883}"
EndProject
Project("{FAE04EC0-301F-11D3-BF4B-00C04F79EFBC}") = "CRM.Tests", "CRM.Tests\CRM.Tests.csproj", "{58C4681E-5819-46C7-BDC0-C5C94DA6389E}"
EndProject
Global
	GlobalSection(SolutionConfigurationPlatforms) = preSolution
		Debug|Any CPU = Debug|Any CPU
		Release|Any CPU = Release|Any CPU
	EndGlobalSection
	GlobalSection(ProjectConfigurationPlatforms) = postSolution
		{4544F532-2498-4FF8-AD62-406760A876E7}.Debug|Any CPU.ActiveCfg = Debug|Any CPU
		{4544F532-2498-4FF8-AD62-406760A876E7}.Debug|Any CPU.Build.0 = Debug|Any CPU
		{4544F532-2498-4FF8-AD62-406760A876E7}.Release|Any CPU.ActiveCfg = Release|Any CPU
		{4544F532-2498-4FF8-AD62-406760A876E7}.Release|Any CPU.Build.0 = Release|Any CPU
		{2DC19EBB-2725-414B-AA62-9E23694DE636}.Debug|Any CPU.ActiveCfg = Debug|Any CPU
		{2DC19EBB-2725-414B-AA62-9E23694DE636}.Debug|Any CPU.Build.0 = Debug|Any CPU
		{2DC19EBB-2725-414B-AA62-9E23694DE636}.Release|Any CPU.ActiveCfg = Release|Any CPU
		{2DC19EBB-2725-414B-AA62-9E23694DE636}.Release|Any CPU.Build.0 = Release|Any CPU
		{2D188867-9AD2-471A-8D53-B1509E506E19}.Debug|Any CPU.ActiveCfg = Debug|Any CPU
		{2D188867-9AD2-471A-8D53-B1509E506E19}.Debug|Any CPU.Build.0 = Debug|Any CPU
		{2D188867-9AD2-471A-8D53-B1509E506E19}.Release|Any CPU.ActiveCfg = Release|Any CPU
		{2D188867-9AD2-471A-8D53-B1509E506E19}.Release|Any CPU.Build.0 = Release|Any CPU
		{379661B1-7897-4358-8C6F-99995F2E1883}.Debug|Any CPU.ActiveCfg = Debug|Any CPU
		{379661B1-7897-4358-8C6F-99995F2E1883}.Debug|Any CPU.Build.0 = Debug|Any CPU
		{379661B1-7897-4358-8C6F-99995F2E1883}.Release|Any CPU.ActiveCfg = Release|Any CPU
		{379661B1-7897-4358-8C6F-99995F2E1883}.Release|Any CPU.Build.0 = Release|Any CPU
		{58C4681E-5819-46C7-BDC0-C5C94DA6389E}.Debug|Any CPU.ActiveCfg = Debug|Any CPU
		{58C4681E-5819-46C7-BDC0-C5C94DA6389E}.Debug|Any CPU.Build.0 = Debug|Any CPU
		{58C4681E-5819-46C7-BDC0-C5C94DA6389E}.Release|Any CPU.ActiveCfg = Release|Any CPU
		{58C4681E-5819-46C7-BDC0-C5C94DA6389E}.Release|Any CPU.Build.0 = Release|Any CPU
	EndGlobalSection
	GlobalSection(SolutionProperties) = preSolution
		HideSolutionNode = FALSE
	EndGlobalSection
	GlobalSection(ExtensibilityGlobals) = postSolution
		SolutionGuid = {86C4F144-58F2-4530-B437-5C648C87A41B}
	EndGlobalSection
EndGlobal
