
Microsoft Visual Studio Solution File, Format Version 12.00
# Visual Studio Version 16
VisualStudioVersion = 16.0.31025.194
MinimumVisualStudioVersion = 10.0.40219.1
Project("{9A19103F-16F7-4668-BE54-9A1E7A4F7556}") = "CRM.Desktop", "CRM.Desktop\CRM.Desktop.csproj", "{92862C10-8481-45EC-9FE4-AA5757349000}"
EndProject
Project("{9A19103F-16F7-4668-BE54-9A1E7A4F7556}") = "CRM.Desktop.Data", "CRM.Desktop.Data\CRM.Desktop.Data.csproj", "{749CF717-9FE0-436A-8823-1F12A1C22645}"
EndProject
Project("{FAE04EC0-301F-11D3-BF4B-00C04F79EFBC}") = "CRM.Desktop.View", "CRM.Desktop.View\CRM.Desktop.View.csproj", "{2EE02FD0-2B96-4793-8186-0AFBFC81D019}"
EndProject
Global
	GlobalSection(SolutionConfigurationPlatforms) = preSolution
		Debug|Any CPU = Debug|Any CPU
		Release|Any CPU = Release|Any CPU
	EndGlobalSection
	GlobalSection(ProjectConfigurationPlatforms) = postSolution
		{92862C10-8481-45EC-9FE4-AA5757349000}.Debug|Any CPU.ActiveCfg = Debug|Any CPU
		{92862C10-8481-45EC-9FE4-AA5757349000}.Debug|Any CPU.Build.0 = Debug|Any CPU
		{92862C10-8481-45EC-9FE4-AA5757349000}.Release|Any CPU.ActiveCfg = Release|Any CPU
		{92862C10-8481-45EC-9FE4-AA5757349000}.Release|Any CPU.Build.0 = Release|Any CPU
		{749CF717-9FE0-436A-8823-1F12A1C22645}.Debug|Any CPU.ActiveCfg = Debug|Any CPU
		{749CF717-9FE0-436A-8823-1F12A1C22645}.Debug|Any CPU.Build.0 = Debug|Any CPU
		{749CF717-9FE0-436A-8823-1F12A1C22645}.Release|Any CPU.ActiveCfg = Release|Any CPU
		{749CF717-9FE0-436A-8823-1F12A1C22645}.Release|Any CPU.Build.0 = Release|Any CPU
		{2EE02FD0-2B96-4793-8186-0AFBFC81D019}.Debug|Any CPU.ActiveCfg = Debug|Any CPU
		{2EE02FD0-2B96-4793-8186-0AFBFC81D019}.Debug|Any CPU.Build.0 = Debug|Any CPU
		{2EE02FD0-2B96-4793-8186-0AFBFC81D019}.Release|Any CPU.ActiveCfg = Release|Any CPU
		{2EE02FD0-2B96-4793-8186-0AFBFC81D019}.Release|Any CPU.Build.0 = Release|Any CPU
	EndGlobalSection
	GlobalSection(SolutionProperties) = preSolution
		HideSolutionNode = FALSE
	EndGlobalSection
	GlobalSection(ExtensibilityGlobals) = postSolution
		SolutionGuid = {C9149A76-F516-4FB7-B083-E2DFEC41886A}
	EndGlobalSection
EndGlobal
